
Microsoft Visual Studio Solution File, Format Version 12.00
# Visual Studio 15
VisualStudioVersion = 15.0.27130.2020
MinimumVisualStudioVersion = 10.0.40219.1
Project("{9A19103F-16F7-4668-BE54-9A1E7A4F7556}") = "rxjs", "rxjs.csproj", "{EC695C64-D17D-4727-A359-D9B64BF577A5}"
EndProject
Global
	GlobalSection(SolutionConfigurationPlatforms) = preSolution
		Debug|Any CPU = Debug|Any CPU
		Release|Any CPU = Release|Any CPU
	EndGlobalSection
	GlobalSection(ProjectConfigurationPlatforms) = postSolution
		{EC695C64-D17D-4727-A359-D9B64BF577A5}.Debug|Any CPU.ActiveCfg = Debug|Any CPU
		{EC695C64-D17D-4727-A359-D9B64BF577A5}.Debug|Any CPU.Build.0 = Debug|Any CPU
		{EC695C64-D17D-4727-A359-D9B64BF577A5}.Release|Any CPU.ActiveCfg = Release|Any CPU
		{EC695C64-D17D-4727-A359-D9B64BF577A5}.Release|Any CPU.Build.0 = Release|Any CPU
	EndGlobalSection
	GlobalSection(SolutionProperties) = preSolution
		HideSolutionNode = FALSE
	EndGlobalSection
	GlobalSection(ExtensibilityGlobals) = postSolution
		SolutionGuid = {BEFBBE64-6A41-4D9D-8A1A-192563A1FF99}
	EndGlobalSection
EndGlobal
